
Microsoft Visual Studio Solution File, Format Version 12.00
# Visual Studio Version 17
VisualStudioVersion = 17.8.34511.84
MinimumVisualStudioVersion = 10.0.40219.1
Project("{9A19103F-16F7-4668-BE54-9A1E7A4F7556}") = "CleannetCode", "CleannetCode\CleannetCode.csproj", "{7E81B0CD-508B-4FEB-A848-5CDD3C04122D}"
EndProject
Project("{9A19103F-16F7-4668-BE54-9A1E7A4F7556}") = "ToDoList", "ToDoList\ToDoList.csproj", "{C2F57D65-51C9-450B-92B6-D43B4AFBEA88}"
EndProject
Project("{9A19103F-16F7-4668-BE54-9A1E7A4F7556}") = "Client", "Client\Client.csproj", "{BAA68E04-60B3-471C-95BE-DB1EC5CA9BA3}"
EndProject
Project("{9A19103F-16F7-4668-BE54-9A1E7A4F7556}") = "Server", "Server\Server.csproj", "{7E81F20C-AC0D-446D-8C2A-F351ABE32E61}"
EndProject
Project("{FAE04EC0-301F-11D3-BF4B-00C04F79EFBC}") = "Shop", "Shop\Shop.csproj", "{A34E65CF-9B37-4F2F-B489-721C42FC742D}"
EndProject
Global
	GlobalSection(SolutionConfigurationPlatforms) = preSolution
		Debug|Any CPU = Debug|Any CPU
		Release|Any CPU = Release|Any CPU
	EndGlobalSection
	GlobalSection(ProjectConfigurationPlatforms) = postSolution
		{7E81B0CD-508B-4FEB-A848-5CDD3C04122D}.Debug|Any CPU.ActiveCfg = Debug|Any CPU
		{7E81B0CD-508B-4FEB-A848-5CDD3C04122D}.Debug|Any CPU.Build.0 = Debug|Any CPU
		{7E81B0CD-508B-4FEB-A848-5CDD3C04122D}.Release|Any CPU.ActiveCfg = Release|Any CPU
		{7E81B0CD-508B-4FEB-A848-5CDD3C04122D}.Release|Any CPU.Build.0 = Release|Any CPU
		{C2F57D65-51C9-450B-92B6-D43B4AFBEA88}.Debug|Any CPU.ActiveCfg = Debug|Any CPU
		{C2F57D65-51C9-450B-92B6-D43B4AFBEA88}.Debug|Any CPU.Build.0 = Debug|Any CPU
		{C2F57D65-51C9-450B-92B6-D43B4AFBEA88}.Release|Any CPU.ActiveCfg = Release|Any CPU
		{C2F57D65-51C9-450B-92B6-D43B4AFBEA88}.Release|Any CPU.Build.0 = Release|Any CPU
		{BAA68E04-60B3-471C-95BE-DB1EC5CA9BA3}.Debug|Any CPU.ActiveCfg = Debug|Any CPU
		{BAA68E04-60B3-471C-95BE-DB1EC5CA9BA3}.Debug|Any CPU.Build.0 = Debug|Any CPU
		{BAA68E04-60B3-471C-95BE-DB1EC5CA9BA3}.Release|Any CPU.ActiveCfg = Release|Any CPU
		{BAA68E04-60B3-471C-95BE-DB1EC5CA9BA3}.Release|Any CPU.Build.0 = Release|Any CPU
		{7E81F20C-AC0D-446D-8C2A-F351ABE32E61}.Debug|Any CPU.ActiveCfg = Debug|Any CPU
		{7E81F20C-AC0D-446D-8C2A-F351ABE32E61}.Debug|Any CPU.Build.0 = Debug|Any CPU
		{7E81F20C-AC0D-446D-8C2A-F351ABE32E61}.Release|Any CPU.ActiveCfg = Release|Any CPU
		{7E81F20C-AC0D-446D-8C2A-F351ABE32E61}.Release|Any CPU.Build.0 = Release|Any CPU
		{A34E65CF-9B37-4F2F-B489-721C42FC742D}.Debug|Any CPU.ActiveCfg = Debug|Any CPU
		{A34E65CF-9B37-4F2F-B489-721C42FC742D}.Debug|Any CPU.Build.0 = Debug|Any CPU
		{A34E65CF-9B37-4F2F-B489-721C42FC742D}.Release|Any CPU.ActiveCfg = Release|Any CPU
		{A34E65CF-9B37-4F2F-B489-721C42FC742D}.Release|Any CPU.Build.0 = Release|Any CPU
	EndGlobalSection
	GlobalSection(SolutionProperties) = preSolution
		HideSolutionNode = FALSE
	EndGlobalSection
	GlobalSection(ExtensibilityGlobals) = postSolution
		SolutionGuid = {AF4F1F9F-72F5-4211-9342-9ACD8449C26C}
	EndGlobalSection
EndGlobal
